
Microsoft Visual Studio Solution File, Format Version 11.00
# Visual Studio 2010
Project("{FAE04EC0-301F-11D3-BF4B-00C04F79EFBC}") = "Assembly-CSharp", "Assembly-CSharp.csproj", "{ce6d8892-1ade-4c33-8aa5-2c13b40caf35}"
EndProject
Project("{FAE04EC0-301F-11D3-BF4B-00C04F79EFBC}") = "Assembly-CSharp-firstpass", "Assembly-CSharp-firstpass.csproj", "{c995e58d-581c-c20d-0cad-2eb6d9e18e61}"
EndProject
Project("{FAE04EC0-301F-11D3-BF4B-00C04F79EFBC}") = "Assembly-CSharp-Editor-firstpass", "Assembly-CSharp-Editor-firstpass.csproj", "{6a61bd6b-4e2b-48f3-62f3-31504e029ebb}"
EndProject
Global
	GlobalSection(SolutionConfigurationPlatforms) = preSolution
		Debug|Any CPU = Debug|Any CPU
	EndGlobalSection
	GlobalSection(ProjectConfigurationPlatforms) = postSolution
		{ce6d8892-1ade-4c33-8aa5-2c13b40caf35}.Debug|Any CPU.ActiveCfg = Debug|Any CPU
		{ce6d8892-1ade-4c33-8aa5-2c13b40caf35}.Debug|Any CPU.Build.0 = Debug|Any CPU
		{c995e58d-581c-c20d-0cad-2eb6d9e18e61}.Debug|Any CPU.ActiveCfg = Debug|Any CPU
		{c995e58d-581c-c20d-0cad-2eb6d9e18e61}.Debug|Any CPU.Build.0 = Debug|Any CPU
		{6a61bd6b-4e2b-48f3-62f3-31504e029ebb}.Debug|Any CPU.ActiveCfg = Debug|Any CPU
		{6a61bd6b-4e2b-48f3-62f3-31504e029ebb}.Debug|Any CPU.Build.0 = Debug|Any CPU
	EndGlobalSection
	GlobalSection(SolutionProperties) = preSolution
		HideSolutionNode = FALSE
	EndGlobalSection
EndGlobal
